// !$*UTF8*$!
{
	archiveVersion = 1;
	classes = {
	};
	objectVersion = 46;
	objects = {

/* Begin PBXBuildFile section */
		C5A1305E0144C6222DA35B4A /* Pods_deleteThisShitUITests.framework in Frameworks */ = {isa = PBXBuildFile; fileRef = D8702A0311485D77F46892A7 /* Pods_deleteThisShitUITests.framework */; };
		CD476D7D369943C9B766E61F /* Pods_deleteThisShit.framework in Frameworks */ = {isa = PBXBuildFile; fileRef = 7A4CB7A45FF706483A4FCB99 /* Pods_deleteThisShit.framework */; };
		D2806B879F9F4818B5AECABC /* Pods_deleteThisShitTests.framework in Frameworks */ = {isa = PBXBuildFile; fileRef = F58F80F26B11DDCE5D38D4DC /* Pods_deleteThisShitTests.framework */; };
		DECA74A11F509CD7004A5748 /* Subscribed_vc.swift in Sources */ = {isa = PBXBuildFile; fileRef = DECA74A01F509CD7004A5748 /* Subscribed_vc.swift */; };
		DECA74A61F50B0D9004A5748 /* tabBar.swift in Sources */ = {isa = PBXBuildFile; fileRef = DECA74A51F50B0D9004A5748 /* tabBar.swift */; };
		DED106FE1F509B8700F72020 /* AppDelegate.swift in Sources */ = {isa = PBXBuildFile; fileRef = DED106FD1F509B8700F72020 /* AppDelegate.swift */; };
		DED107001F509B8700F72020 /* ViewController.swift in Sources */ = {isa = PBXBuildFile; fileRef = DED106FF1F509B8700F72020 /* ViewController.swift */; };
		DED107031F509B8700F72020 /* Main.storyboard in Resources */ = {isa = PBXBuildFile; fileRef = DED107011F509B8700F72020 /* Main.storyboard */; };
		DED107051F509B8700F72020 /* Assets.xcassets in Resources */ = {isa = PBXBuildFile; fileRef = DED107041F509B8700F72020 /* Assets.xcassets */; };
		DED107081F509B8700F72020 /* LaunchScreen.storyboard in Resources */ = {isa = PBXBuildFile; fileRef = DED107061F509B8700F72020 /* LaunchScreen.storyboard */; };
		DED107131F509B8700F72020 /* deleteThisShitTests.swift in Sources */ = {isa = PBXBuildFile; fileRef = DED107121F509B8700F72020 /* deleteThisShitTests.swift */; };
		DED1071E1F509B8700F72020 /* deleteThisShitUITests.swift in Sources */ = {isa = PBXBuildFile; fileRef = DED1071D1F509B8700F72020 /* deleteThisShitUITests.swift */; };
		DEFEC1D01F51806C005BBCD3 /* CustomCell.swift in Sources */ = {isa = PBXBuildFile; fileRef = DEFEC1CF1F51806C005BBCD3 /* CustomCell.swift */; };
/* End PBXBuildFile section */

/* Begin PBXContainerItemProxy section */
		DED1070F1F509B8700F72020 /* PBXContainerItemProxy */ = {
			isa = PBXContainerItemProxy;
			containerPortal = DED106F21F509B8700F72020 /* Project object */;
			proxyType = 1;
			remoteGlobalIDString = DED106F91F509B8700F72020;
			remoteInfo = deleteThisShit;
		};
		DED1071A1F509B8700F72020 /* PBXContainerItemProxy */ = {
			isa = PBXContainerItemProxy;
			containerPortal = DED106F21F509B8700F72020 /* Project object */;
			proxyType = 1;
			remoteGlobalIDString = DED106F91F509B8700F72020;
			remoteInfo = deleteThisShit;
		};
/* End PBXContainerItemProxy section */

/* Begin PBXFileReference section */
		06BFAD7ACDF4ED72FD669683 /* Pods-deleteThisShitTests.release.xcconfig */ = {isa = PBXFileReference; includeInIndex = 1; lastKnownFileType = text.xcconfig; name = "Pods-deleteThisShitTests.release.xcconfig"; path = "Pods/Target Support Files/Pods-deleteThisShitTests/Pods-deleteThisShitTests.release.xcconfig"; sourceTree = "<group>"; };
		55372D28206BD92F955324C7 /* Pods-deleteThisShitTests.debug.xcconfig */ = {isa = PBXFileReference; includeInIndex = 1; lastKnownFileType = text.xcconfig; name = "Pods-deleteThisShitTests.debug.xcconfig"; path = "Pods/Target Support Files/Pods-deleteThisShitTests/Pods-deleteThisShitTests.debug.xcconfig"; sourceTree = "<group>"; };
		67A8775C2E57C87F25D50343 /* Pods-deleteThisShitUITests.release.xcconfig */ = {isa = PBXFileReference; includeInIndex = 1; lastKnownFileType = text.xcconfig; name = "Pods-deleteThisShitUITests.release.xcconfig"; path = "Pods/Target Support Files/Pods-deleteThisShitUITests/Pods-deleteThisShitUITests.release.xcconfig"; sourceTree = "<group>"; };
		7A4CB7A45FF706483A4FCB99 /* Pods_deleteThisShit.framework */ = {isa = PBXFileReference; explicitFileType = wrapper.framework; includeInIndex = 0; path = Pods_deleteThisShit.framework; sourceTree = BUILT_PRODUCTS_DIR; };
		8E9054A24057770FE9CBC57B /* Pods-deleteThisShit.debug.xcconfig */ = {isa = PBXFileReference; includeInIndex = 1; lastKnownFileType = text.xcconfig; name = "Pods-deleteThisShit.debug.xcconfig"; path = "Pods/Target Support Files/Pods-deleteThisShit/Pods-deleteThisShit.debug.xcconfig"; sourceTree = "<group>"; };
		B2140289468F1E78DE55C781 /* Pods-deleteThisShit.release.xcconfig */ = {isa = PBXFileReference; includeInIndex = 1; lastKnownFileType = text.xcconfig; name = "Pods-deleteThisShit.release.xcconfig"; path = "Pods/Target Support Files/Pods-deleteThisShit/Pods-deleteThisShit.release.xcconfig"; sourceTree = "<group>"; };
		D8702A0311485D77F46892A7 /* Pods_deleteThisShitUITests.framework */ = {isa = PBXFileReference; explicitFileType = wrapper.framework; includeInIndex = 0; path = Pods_deleteThisShitUITests.framework; sourceTree = BUILT_PRODUCTS_DIR; };
		DECA74A01F509CD7004A5748 /* Subscribed_vc.swift */ = {isa = PBXFileReference; fileEncoding = 4; lastKnownFileType = sourcecode.swift; path = Subscribed_vc.swift; sourceTree = "<group>"; };
		DECA74A51F50B0D9004A5748 /* tabBar.swift */ = {isa = PBXFileReference; fileEncoding = 4; lastKnownFileType = sourcecode.swift; path = tabBar.swift; sourceTree = "<group>"; };
		DED106FA1F509B8700F72020 /* deleteThisShit.app */ = {isa = PBXFileReference; explicitFileType = wrapper.application; includeInIndex = 0; path = deleteThisShit.app; sourceTree = BUILT_PRODUCTS_DIR; };
		DED106FD1F509B8700F72020 /* AppDelegate.swift */ = {isa = PBXFileReference; lastKnownFileType = sourcecode.swift; path = AppDelegate.swift; sourceTree = "<group>"; };
		DED106FF1F509B8700F72020 /* ViewController.swift */ = {isa = PBXFileReference; lastKnownFileType = sourcecode.swift; path = ViewController.swift; sourceTree = "<group>"; };
		DED107021F509B8700F72020 /* Base */ = {isa = PBXFileReference; lastKnownFileType = file.storyboard; name = Base; path = Base.lproj/Main.storyboard; sourceTree = "<group>"; };
		DED107041F509B8700F72020 /* Assets.xcassets */ = {isa = PBXFileReference; lastKnownFileType = folder.assetcatalog; path = Assets.xcassets; sourceTree = "<group>"; };
		DED107071F509B8700F72020 /* Base */ = {isa = PBXFileReference; lastKnownFileType = file.storyboard; name = Base; path = Base.lproj/LaunchScreen.storyboard; sourceTree = "<group>"; };
		DED107091F509B8700F72020 /* Info.plist */ = {isa = PBXFileReference; lastKnownFileType = text.plist.xml; path = Info.plist; sourceTree = "<group>"; };
		DED1070E1F509B8700F72020 /* deleteThisShitTests.xctest */ = {isa = PBXFileReference; explicitFileType = wrapper.cfbundle; includeInIndex = 0; path = deleteThisShitTests.xctest; sourceTree = BUILT_PRODUCTS_DIR; };
		DED107121F509B8700F72020 /* deleteThisShitTests.swift */ = {isa = PBXFileReference; lastKnownFileType = sourcecode.swift; path = deleteThisShitTests.swift; sourceTree = "<group>"; };
		DED107141F509B8700F72020 /* Info.plist */ = {isa = PBXFileReference; lastKnownFileType = text.plist.xml; path = Info.plist; sourceTree = "<group>"; };
		DED107191F509B8700F72020 /* deleteThisShitUITests.xctest */ = {isa = PBXFileReference; explicitFileType = wrapper.cfbundle; includeInIndex = 0; path = deleteThisShitUITests.xctest; sourceTree = BUILT_PRODUCTS_DIR; };
		DED1071D1F509B8700F72020 /* deleteThisShitUITests.swift */ = {isa = PBXFileReference; lastKnownFileType = sourcecode.swift; path = deleteThisShitUITests.swift; sourceTree = "<group>"; };
		DED1071F1F509B8700F72020 /* Info.plist */ = {isa = PBXFileReference; lastKnownFileType = text.plist.xml; path = Info.plist; sourceTree = "<group>"; };
		DEFEC1CF1F51806C005BBCD3 /* CustomCell.swift */ = {isa = PBXFileReference; lastKnownFileType = sourcecode.swift; path = CustomCell.swift; sourceTree = "<group>"; };
		F58F80F26B11DDCE5D38D4DC /* Pods_deleteThisShitTests.framework */ = {isa = PBXFileReference; explicitFileType = wrapper.framework; includeInIndex = 0; path = Pods_deleteThisShitTests.framework; sourceTree = BUILT_PRODUCTS_DIR; };
		FA37DCED81C2E334EB5C01B7 /* Pods-deleteThisShitUITests.debug.xcconfig */ = {isa = PBXFileReference; includeInIndex = 1; lastKnownFileType = text.xcconfig; name = "Pods-deleteThisShitUITests.debug.xcconfig"; path = "Pods/Target Support Files/Pods-deleteThisShitUITests/Pods-deleteThisShitUITests.debug.xcconfig"; sourceTree = "<group>"; };
/* End PBXFileReference section */

/* Begin PBXFrameworksBuildPhase section */
		DED106F71F509B8700F72020 /* Frameworks */ = {
			isa = PBXFrameworksBuildPhase;
			buildActionMask = 2147483647;
			files = (
				CD476D7D369943C9B766E61F /* Pods_deleteThisShit.framework in Frameworks */,
			);
			runOnlyForDeploymentPostprocessing = 0;
		};
		DED1070B1F509B8700F72020 /* Frameworks */ = {
			isa = PBXFrameworksBuildPhase;
			buildActionMask = 2147483647;
			files = (
				D2806B879F9F4818B5AECABC /* Pods_deleteThisShitTests.framework in Frameworks */,
			);
			runOnlyForDeploymentPostprocessing = 0;
		};
		DED107161F509B8700F72020 /* Frameworks */ = {
			isa = PBXFrameworksBuildPhase;
			buildActionMask = 2147483647;
			files = (
				C5A1305E0144C6222DA35B4A /* Pods_deleteThisShitUITests.framework in Frameworks */,
			);
			runOnlyForDeploymentPostprocessing = 0;
		};
/* End PBXFrameworksBuildPhase section */

/* Begin PBXGroup section */
		0B24A31DE7CA4C7D5E6CF5FB /* Pods */ = {
			isa = PBXGroup;
			children = (
				8E9054A24057770FE9CBC57B /* Pods-deleteThisShit.debug.xcconfig */,
				B2140289468F1E78DE55C781 /* Pods-deleteThisShit.release.xcconfig */,
				55372D28206BD92F955324C7 /* Pods-deleteThisShitTests.debug.xcconfig */,
				06BFAD7ACDF4ED72FD669683 /* Pods-deleteThisShitTests.release.xcconfig */,
				FA37DCED81C2E334EB5C01B7 /* Pods-deleteThisShitUITests.debug.xcconfig */,
				67A8775C2E57C87F25D50343 /* Pods-deleteThisShitUITests.release.xcconfig */,
			);
			name = Pods;
			sourceTree = "<group>";
		};
		4D27C9B982DEA1273A651FB6 /* Frameworks */ = {
			isa = PBXGroup;
			children = (
				7A4CB7A45FF706483A4FCB99 /* Pods_deleteThisShit.framework */,
				F58F80F26B11DDCE5D38D4DC /* Pods_deleteThisShitTests.framework */,
				D8702A0311485D77F46892A7 /* Pods_deleteThisShitUITests.framework */,
			);
			name = Frameworks;
			sourceTree = "<group>";
		};
		DED106F11F509B8700F72020 = {
			isa = PBXGroup;
			children = (
				DED106FC1F509B8700F72020 /* deleteThisShit */,
				DED107111F509B8700F72020 /* deleteThisShitTests */,
				DED1071C1F509B8700F72020 /* deleteThisShitUITests */,
				DED106FB1F509B8700F72020 /* Products */,
				0B24A31DE7CA4C7D5E6CF5FB /* Pods */,
				4D27C9B982DEA1273A651FB6 /* Frameworks */,
			);
			sourceTree = "<group>";
		};
		DED106FB1F509B8700F72020 /* Products */ = {
			isa = PBXGroup;
			children = (
				DED106FA1F509B8700F72020 /* deleteThisShit.app */,
				DED1070E1F509B8700F72020 /* deleteThisShitTests.xctest */,
				DED107191F509B8700F72020 /* deleteThisShitUITests.xctest */,
			);
			name = Products;
			sourceTree = "<group>";
		};
		DED106FC1F509B8700F72020 /* deleteThisShit */ = {
			isa = PBXGroup;
			children = (
				DED106FD1F509B8700F72020 /* AppDelegate.swift */,
				DED106FF1F509B8700F72020 /* ViewController.swift */,
				DECA74A01F509CD7004A5748 /* Subscribed_vc.swift */,
				DEFEC1CF1F51806C005BBCD3 /* CustomCell.swift */,
				DECA74A51F50B0D9004A5748 /* tabBar.swift */,
				DED107011F509B8700F72020 /* Main.storyboard */,
				DED107041F509B8700F72020 /* Assets.xcassets */,
				DED107061F509B8700F72020 /* LaunchScreen.storyboard */,
				DED107091F509B8700F72020 /* Info.plist */,
			);
			path = deleteThisShit;
			sourceTree = "<group>";
		};
		DED107111F509B8700F72020 /* deleteThisShitTests */ = {
			isa = PBXGroup;
			children = (
				DED107121F509B8700F72020 /* deleteThisShitTests.swift */,
				DED107141F509B8700F72020 /* Info.plist */,
			);
			path = deleteThisShitTests;
			sourceTree = "<group>";
		};
		DED1071C1F509B8700F72020 /* deleteThisShitUITests */ = {
			isa = PBXGroup;
			children = (
				DED1071D1F509B8700F72020 /* deleteThisShitUITests.swift */,
				DED1071F1F509B8700F72020 /* Info.plist */,
			);
			path = deleteThisShitUITests;
			sourceTree = "<group>";
		};
/* End PBXGroup section */

/* Begin PBXNativeTarget section */
		DED106F91F509B8700F72020 /* deleteThisShit */ = {
			isa = PBXNativeTarget;
			buildConfigurationList = DED107221F509B8700F72020 /* Build configuration list for PBXNativeTarget "deleteThisShit" */;
			buildPhases = (
				37319F007FD3A87891F20587 /* [CP] Check Pods Manifest.lock */,
				DED106F61F509B8700F72020 /* Sources */,
				DED106F71F509B8700F72020 /* Frameworks */,
				DED106F81F509B8700F72020 /* Resources */,
				6BD27BDF782937123D15EA08 /* [CP] Embed Pods Frameworks */,
				6B99BDFFBB4E937277802E71 /* [CP] Copy Pods Resources */,
			);
			buildRules = (
			);
			dependencies = (
			);
			name = deleteThisShit;
			productName = deleteThisShit;
			productReference = DED106FA1F509B8700F72020 /* deleteThisShit.app */;
			productType = "com.apple.product-type.application";
		};
		DED1070D1F509B8700F72020 /* deleteThisShitTests */ = {
			isa = PBXNativeTarget;
			buildConfigurationList = DED107251F509B8700F72020 /* Build configuration list for PBXNativeTarget "deleteThisShitTests" */;
			buildPhases = (
				2DF2F83F300B34BBEE85F49D /* [CP] Check Pods Manifest.lock */,
				DED1070A1F509B8700F72020 /* Sources */,
				DED1070B1F509B8700F72020 /* Frameworks */,
				DED1070C1F509B8700F72020 /* Resources */,
				5A38055DBEEC232117FCED65 /* [CP] Embed Pods Frameworks */,
				E9BAD0641B8358472F49DAFF /* [CP] Copy Pods Resources */,
			);
			buildRules = (
			);
			dependencies = (
				DED107101F509B8700F72020 /* PBXTargetDependency */,
			);
			name = deleteThisShitTests;
			productName = deleteThisShitTests;
			productReference = DED1070E1F509B8700F72020 /* deleteThisShitTests.xctest */;
			productType = "com.apple.product-type.bundle.unit-test";
		};
		DED107181F509B8700F72020 /* deleteThisShitUITests */ = {
			isa = PBXNativeTarget;
			buildConfigurationList = DED107281F509B8700F72020 /* Build configuration list for PBXNativeTarget "deleteThisShitUITests" */;
			buildPhases = (
				2FE6AA3A0E1EB2220B8ABD39 /* [CP] Check Pods Manifest.lock */,
				DED107151F509B8700F72020 /* Sources */,
				DED107161F509B8700F72020 /* Frameworks */,
				DED107171F509B8700F72020 /* Resources */,
				630D0AAE7F4BF2C65D3A3A21 /* [CP] Embed Pods Frameworks */,
				E8D351E2F82A6D43D3536B4F /* [CP] Copy Pods Resources */,
			);
			buildRules = (
			);
			dependencies = (
				DED1071B1F509B8700F72020 /* PBXTargetDependency */,
			);
			name = deleteThisShitUITests;
			productName = deleteThisShitUITests;
			productReference = DED107191F509B8700F72020 /* deleteThisShitUITests.xctest */;
			productType = "com.apple.product-type.bundle.ui-testing";
		};
/* End PBXNativeTarget section */

/* Begin PBXProject section */
		DED106F21F509B8700F72020 /* Project object */ = {
			isa = PBXProject;
			attributes = {
				LastSwiftUpdateCheck = 0830;
				LastUpgradeCheck = 0830;
				ORGANIZATIONNAME = webarch;
				TargetAttributes = {
					DED106F91F509B8700F72020 = {
						CreatedOnToolsVersion = 8.3.3;
						DevelopmentTeam = QH78WYZE35;
						ProvisioningStyle = Automatic;
					};
					DED1070D1F509B8700F72020 = {
						CreatedOnToolsVersion = 8.3.3;
						DevelopmentTeam = QH78WYZE35;
						ProvisioningStyle = Automatic;
						TestTargetID = DED106F91F509B8700F72020;
					};
					DED107181F509B8700F72020 = {
						CreatedOnToolsVersion = 8.3.3;
						DevelopmentTeam = QH78WYZE35;
						ProvisioningStyle = Automatic;
						TestTargetID = DED106F91F509B8700F72020;
					};
				};
			};
			buildConfigurationList = DED106F51F509B8700F72020 /* Build configuration list for PBXProject "deleteThisShit" */;
			compatibilityVersion = "Xcode 3.2";
			developmentRegion = English;
			hasScannedForEncodings = 0;
			knownRegions = (
				en,
				Base,
			);
			mainGroup = DED106F11F509B8700F72020;
			productRefGroup = DED106FB1F509B8700F72020 /* Products */;
			projectDirPath = "";
			projectRoot = "";
			targets = (
				DED106F91F509B8700F72020 /* deleteThisShit */,
				DED1070D1F509B8700F72020 /* deleteThisShitTests */,
				DED107181F509B8700F72020 /* deleteThisShitUITests */,
			);
		};
/* End PBXProject section */

/* Begin PBXResourcesBuildPhase section */
		DED106F81F509B8700F72020 /* Resources */ = {
			isa = PBXResourcesBuildPhase;
			buildActionMask = 2147483647;
			files = (
				DED107081F509B8700F72020 /* LaunchScreen.storyboard in Resources */,
				DED107051F509B8700F72020 /* Assets.xcassets in Resources */,
				DED107031F509B8700F72020 /* Main.storyboard in Resources */,
			);
			runOnlyForDeploymentPostprocessing = 0;
		};
		DED1070C1F509B8700F72020 /* Resources */ = {
			isa = PBXResourcesBuildPhase;
			buildActionMask = 2147483647;
			files = (
			);
			runOnlyForDeploymentPostprocessing = 0;
		};
		DED107171F509B8700F72020 /* Resources */ = {
			isa = PBXResourcesBuildPhase;
			buildActionMask = 2147483647;
			files = (
			);
			runOnlyForDeploymentPostprocessing = 0;
		};
/* End PBXResourcesBuildPhase section */

/* Begin PBXShellScriptBuildPhase section */
		2DF2F83F300B34BBEE85F49D /* [CP] Check Pods Manifest.lock */ = {
			isa = PBXShellScriptBuildPhase;
			buildActionMask = 2147483647;
			files = (
			);
			inputPaths = (
			);
			name = "[CP] Check Pods Manifest.lock";
			outputPaths = (
			);
			runOnlyForDeploymentPostprocessing = 0;
			shellPath = /bin/sh;
			shellScript = "diff \"${PODS_ROOT}/../Podfile.lock\" \"${PODS_ROOT}/Manifest.lock\" > /dev/null\nif [ $? != 0 ] ; then\n    # print error to STDERR\n    echo \"error: The sandbox is not in sync with the Podfile.lock. Run 'pod install' or update your CocoaPods installation.\" >&2\n    exit 1\nfi\n";
			showEnvVarsInLog = 0;
		};
		2FE6AA3A0E1EB2220B8ABD39 /* [CP] Check Pods Manifest.lock */ = {
			isa = PBXShellScriptBuildPhase;
			buildActionMask = 2147483647;
			files = (
			);
			inputPaths = (
			);
			name = "[CP] Check Pods Manifest.lock";
			outputPaths = (
			);
			runOnlyForDeploymentPostprocessing = 0;
			shellPath = /bin/sh;
			shellScript = "diff \"${PODS_ROOT}/../Podfile.lock\" \"${PODS_ROOT}/Manifest.lock\" > /dev/null\nif [ $? != 0 ] ; then\n    # print error to STDERR\n    echo \"error: The sandbox is not in sync with the Podfile.lock. Run 'pod install' or update your CocoaPods installation.\" >&2\n    exit 1\nfi\n";
			showEnvVarsInLog = 0;
		};
		37319F007FD3A87891F20587 /* [CP] Check Pods Manifest.lock */ = {
			isa = PBXShellScriptBuildPhase;
			buildActionMask = 2147483647;
			files = (
			);
			inputPaths = (
			);
			name = "[CP] Check Pods Manifest.lock";
			outputPaths = (
			);
			runOnlyForDeploymentPostprocessing = 0;
			shellPath = /bin/sh;
			shellScript = "diff \"${PODS_ROOT}/../Podfile.lock\" \"${PODS_ROOT}/Manifest.lock\" > /dev/null\nif [ $? != 0 ] ; then\n    # print error to STDERR\n    echo \"error: The sandbox is not in sync with the Podfile.lock. Run 'pod install' or update your CocoaPods installation.\" >&2\n    exit 1\nfi\n";
			showEnvVarsInLog = 0;
		};
		5A38055DBEEC232117FCED65 /* [CP] Embed Pods Frameworks */ = {
			isa = PBXShellScriptBuildPhase;
			buildActionMask = 2147483647;
			files = (
			);
			inputPaths = (
			);
			name = "[CP] Embed Pods Frameworks";
			outputPaths = (
			);
			runOnlyForDeploymentPostprocessing = 0;
			shellPath = /bin/sh;
			shellScript = "\"${SRCROOT}/Pods/Target Support Files/Pods-deleteThisShitTests/Pods-deleteThisShitTests-frameworks.sh\"\n";
			showEnvVarsInLog = 0;
		};
		630D0AAE7F4BF2C65D3A3A21 /* [CP] Embed Pods Frameworks */ = {
			isa = PBXShellScriptBuildPhase;
			buildActionMask = 2147483647;
			files = (
			);
			inputPaths = (
			);
			name = "[CP] Embed Pods Frameworks";
			outputPaths = (
			);
			runOnlyForDeploymentPostprocessing = 0;
			shellPath = /bin/sh;
			shellScript = "\"${SRCROOT}/Pods/Target Support Files/Pods-deleteThisShitUITests/Pods-deleteThisShitUITests-frameworks.sh\"\n";
			showEnvVarsInLog = 0;
		};
		6B99BDFFBB4E937277802E71 /* [CP] Copy Pods Resources */ = {
			isa = PBXShellScriptBuildPhase;
			buildActionMask = 2147483647;
			files = (
			);
			inputPaths = (
			);
			name = "[CP] Copy Pods Resources";
			outputPaths = (
			);
			runOnlyForDeploymentPostprocessing = 0;
			shellPath = /bin/sh;
			shellScript = "\"${SRCROOT}/Pods/Target Support Files/Pods-deleteThisShit/Pods-deleteThisShit-resources.sh\"\n";
			showEnvVarsInLog = 0;
		};
		6BD27BDF782937123D15EA08 /* [CP] Embed Pods Frameworks */ = {
			isa = PBXShellScriptBuildPhase;
			buildActionMask = 2147483647;
			files = (
			);
			inputPaths = (
			);
			name = "[CP] Embed Pods Frameworks";
			outputPaths = (
			);
			runOnlyForDeploymentPostprocessing = 0;
			shellPath = /bin/sh;
			shellScript = "\"${SRCROOT}/Pods/Target Support Files/Pods-deleteThisShit/Pods-deleteThisShit-frameworks.sh\"\n";
			showEnvVarsInLog = 0;
		};
		E8D351E2F82A6D43D3536B4F /* [CP] Copy Pods Resources */ = {
			isa = PBXShellScriptBuildPhase;
			buildActionMask = 2147483647;
			files = (
			);
			inputPaths = (
			);
			name = "[CP] Copy Pods Resources";
			outputPaths = (
			);
			runOnlyForDeploymentPostprocessing = 0;
			shellPath = /bin/sh;
			shellScript = "\"${SRCROOT}/Pods/Target Support Files/Pods-deleteThisShitUITests/Pods-deleteThisShitUITests-resources.sh\"\n";
			showEnvVarsInLog = 0;
		};
		E9BAD0641B8358472F49DAFF /* [CP] Copy Pods Resources */ = {
			isa = PBXShellScriptBuildPhase;
			buildActionMask = 2147483647;
			files = (
			);
			inputPaths = (
			);
			name = "[CP] Copy Pods Resources";
			outputPaths = (
			);
			runOnlyForDeploymentPostprocessing = 0;
			shellPath = /bin/sh;
			shellScript = "\"${SRCROOT}/Pods/Target Support Files/Pods-deleteThisShitTests/Pods-deleteThisShitTests-resources.sh\"\n";
			showEnvVarsInLog = 0;
		};
/* End PBXShellScriptBuildPhase section */

/* Begin PBXSourcesBuildPhase section */
		DED106F61F509B8700F72020 /* Sources */ = {
			isa = PBXSourcesBuildPhase;
			buildActionMask = 2147483647;
			files = (
				DECA74A11F509CD7004A5748 /* Subscribed_vc.swift in Sources */,
				DED107001F509B8700F72020 /* ViewController.swift in Sources */,
				DEFEC1D01F51806C005BBCD3 /* CustomCell.swift in Sources */,
				DED106FE1F509B8700F72020 /* AppDelegate.swift in Sources */,
				DECA74A61F50B0D9004A5748 /* tabBar.swift in Sources */,
			);
			runOnlyForDeploymentPostprocessing = 0;
		};
		DED1070A1F509B8700F72020 /* Sources */ = {
			isa = PBXSourcesBuildPhase;
			buildActionMask = 2147483647;
			files = (
				DED107131F509B8700F72020 /* deleteThisShitTests.swift in Sources */,
			);
			runOnlyForDeploymentPostprocessing = 0;
		};
		DED107151F509B8700F72020 /* Sources */ = {
			isa = PBXSourcesBuildPhase;
			buildActionMask = 2147483647;
			files = (
				DED1071E1F509B8700F72020 /* deleteThisShitUITests.swift in Sources */,
			);
			runOnlyForDeploymentPostprocessing = 0;
		};
/* End PBXSourcesBuildPhase section */

/* Begin PBXTargetDependency section */
		DED107101F509B8700F72020 /* PBXTargetDependency */ = {
			isa = PBXTargetDependency;
			target = DED106F91F509B8700F72020 /* deleteThisShit */;
			targetProxy = DED1070F1F509B8700F72020 /* PBXContainerItemProxy */;
		};
		DED1071B1F509B8700F72020 /* PBXTargetDependency */ = {
			isa = PBXTargetDependency;
			target = DED106F91F509B8700F72020 /* deleteThisShit */;
			targetProxy = DED1071A1F509B8700F72020 /* PBXContainerItemProxy */;
		};
/* End PBXTargetDependency section */

/* Begin PBXVariantGroup section */
		DED107011F509B8700F72020 /* Main.storyboard */ = {
			isa = PBXVariantGroup;
			children = (
				DED107021F509B8700F72020 /* Base */,
			);
			name = Main.storyboard;
			sourceTree = "<group>";
		};
		DED107061F509B8700F72020 /* LaunchScreen.storyboard */ = {
			isa = PBXVariantGroup;
			children = (
				DED107071F509B8700F72020 /* Base */,
			);
			name = LaunchScreen.storyboard;
			sourceTree = "<group>";
		};
/* End PBXVariantGroup section */

/* Begin XCBuildConfiguration section */
		DED107201F509B8700F72020 /* Debug */ = {
			isa = XCBuildConfiguration;
			buildSettings = {
				ALWAYS_SEARCH_USER_PATHS = NO;
				CLANG_ANALYZER_NONNULL = YES;
				CLANG_ANALYZER_NUMBER_OBJECT_CONVERSION = YES_AGGRESSIVE;
				CLANG_CXX_LANGUAGE_STANDARD = "gnu++0x";
				CLANG_CXX_LIBRARY = "libc++";
				CLANG_ENABLE_MODULES = YES;
				CLANG_ENABLE_OBJC_ARC = YES;
				CLANG_WARN_BOOL_CONVERSION = YES;
				CLANG_WARN_CONSTANT_CONVERSION = YES;
				CLANG_WARN_DIRECT_OBJC_ISA_USAGE = YES_ERROR;
				CLANG_WARN_DOCUMENTATION_COMMENTS = YES;
				CLANG_WARN_EMPTY_BODY = YES;
				CLANG_WARN_ENUM_CONVERSION = YES;
				CLANG_WARN_INFINITE_RECURSION = YES;
				CLANG_WARN_INT_CONVERSION = YES;
				CLANG_WARN_OBJC_ROOT_CLASS = YES_ERROR;
				CLANG_WARN_SUSPICIOUS_MOVE = YES;
				CLANG_WARN_UNREACHABLE_CODE = YES;
				CLANG_WARN__DUPLICATE_METHOD_MATCH = YES;
				"CODE_SIGN_IDENTITY[sdk=iphoneos*]" = "iPhone Developer";
				COPY_PHASE_STRIP = NO;
				DEBUG_INFORMATION_FORMAT = dwarf;
				ENABLE_STRICT_OBJC_MSGSEND = YES;
				ENABLE_TESTABILITY = YES;
				GCC_C_LANGUAGE_STANDARD = gnu99;
				GCC_DYNAMIC_NO_PIC = NO;
				GCC_NO_COMMON_BLOCKS = YES;
				GCC_OPTIMIZATION_LEVEL = 0;
				GCC_PREPROCESSOR_DEFINITIONS = (
					"DEBUG=1",
					"$(inherited)",
				);
				GCC_WARN_64_TO_32_BIT_CONVERSION = YES;
				GCC_WARN_ABOUT_RETURN_TYPE = YES_ERROR;
				GCC_WARN_UNDECLARED_SELECTOR = YES;
				GCC_WARN_UNINITIALIZED_AUTOS = YES_AGGRESSIVE;
				GCC_WARN_UNUSED_FUNCTION = YES;
				GCC_WARN_UNUSED_VARIABLE = YES;
				IPHONEOS_DEPLOYMENT_TARGET = 10.3;
				MTL_ENABLE_DEBUG_INFO = YES;
				ONLY_ACTIVE_ARCH = YES;
				SDKROOT = iphoneos;
				SWIFT_ACTIVE_COMPILATION_CONDITIONS = DEBUG;
				SWIFT_OPTIMIZATION_LEVEL = "-Onone";
			};
			name = Debug;
		};
		DED107211F509B8700F72020 /* Release */ = {
			isa = XCBuildConfiguration;
			buildSettings = {
				ALWAYS_SEARCH_USER_PATHS = NO;
				CLANG_ANALYZER_NONNULL = YES;
				CLANG_ANALYZER_NUMBER_OBJECT_CONVERSION = YES_AGGRESSIVE;
				CLANG_CXX_LANGUAGE_STANDARD = "gnu++0x";
				CLANG_CXX_LIBRARY = "libc++";
				CLANG_ENABLE_MODULES = YES;
				CLANG_ENABLE_OBJC_ARC = YES;
				CLANG_WARN_BOOL_CONVERSION = YES;
				CLANG_WARN_CONSTANT_CONVERSION = YES;
				CLANG_WARN_DIRECT_OBJC_ISA_USAGE = YES_ERROR;
				CLANG_WARN_DOCUMENTATION_COMMENTS = YES;
				CLANG_WARN_EMPTY_BODY = YES;
				CLANG_WARN_ENUM_CONVERSION = YES;
				CLANG_WARN_INFINITE_RECURSION = YES;
				CLANG_WARN_INT_CONVERSION = YES;
				CLANG_WARN_OBJC_ROOT_CLASS = YES_ERROR;
				CLANG_WARN_SUSPICIOUS_MOVE = YES;
				CLANG_WARN_UNREACHABLE_CODE = YES;
				CLANG_WARN__DUPLICATE_METHOD_MATCH = YES;
				"CODE_SIGN_IDENTITY[sdk=iphoneos*]" = "iPhone Developer";
				COPY_PHASE_STRIP = NO;
				DEBUG_INFORMATION_FORMAT = "dwarf-with-dsym";
				ENABLE_NS_ASSERTIONS = NO;
				ENABLE_STRICT_OBJC_MSGSEND = YES;
				GCC_C_LANGUAGE_STANDARD = gnu99;
				GCC_NO_COMMON_BLOCKS = YES;
				GCC_WARN_64_TO_32_BIT_CONVERSION = YES;
				GCC_WARN_ABOUT_RETURN_TYPE = YES_ERROR;
				GCC_WARN_UNDECLARED_SELECTOR = YES;
				GCC_WARN_UNINITIALIZED_AUTOS = YES_AGGRESSIVE;
				GCC_WARN_UNUSED_FUNCTION = YES;
				GCC_WARN_UNUSED_VARIABLE = YES;
				IPHONEOS_DEPLOYMENT_TARGET = 10.3;
				MTL_ENABLE_DEBUG_INFO = NO;
				SDKROOT = iphoneos;
				SWIFT_OPTIMIZATION_LEVEL = "-Owholemodule";
				VALIDATE_PRODUCT = YES;
			};
			name = Release;
		};
		DED107231F509B8700F72020 /* Debug */ = {
			isa = XCBuildConfiguration;
			baseConfigurationReference = 8E9054A24057770FE9CBC57B /* Pods-deleteThisShit.debug.xcconfig */;
			buildSettings = {
				ASSETCATALOG_COMPILER_APPICON_NAME = AppIcon;
				DEVELOPMENT_TEAM = QH78WYZE35;
				INFOPLIST_FILE = deleteThisShit/Info.plist;
				LD_RUNPATH_SEARCH_PATHS = "$(inherited) @executable_path/Frameworks";
				PRODUCT_BUNDLE_IDENTIFIER = webarch.deleteThisShit;
				PRODUCT_NAME = "$(TARGET_NAME)";
				SWIFT_VERSION = 3.0;
			};
			name = Debug;
		};
		DED107241F509B8700F72020 /* Release */ = {
			isa = XCBuildConfiguration;
			baseConfigurationReference = B2140289468F1E78DE55C781 /* Pods-deleteThisShit.release.xcconfig */;
			buildSettings = {
				ASSETCATALOG_COMPILER_APPICON_NAME = AppIcon;
				DEVELOPMENT_TEAM = QH78WYZE35;
				INFOPLIST_FILE = deleteThisShit/Info.plist;
				LD_RUNPATH_SEARCH_PATHS = "$(inherited) @executable_path/Frameworks";
				PRODUCT_BUNDLE_IDENTIFIER = webarch.deleteThisShit;
				PRODUCT_NAME = "$(TARGET_NAME)";
				SWIFT_VERSION = 3.0;
			};
			name = Release;
		};
		DED107261F509B8700F72020 /* Debug */ = {
			isa = XCBuildConfiguration;
			baseConfigurationReference = 55372D28206BD92F955324C7 /* Pods-deleteThisShitTests.debug.xcconfig */;
			buildSettings = {
				ALWAYS_EMBED_SWIFT_STANDARD_LIBRARIES = YES;
				BUNDLE_LOADER = "$(TEST_HOST)";
				DEVELOPMENT_TEAM = QH78WYZE35;
				INFOPLIST_FILE = deleteThisShitTests/Info.plist;
				LD_RUNPATH_SEARCH_PATHS = "$(inherited) @executable_path/Frameworks @loader_path/Frameworks";
				PRODUCT_BUNDLE_IDENTIFIER = webarch.deleteThisShitTests;
				PRODUCT_NAME = "$(TARGET_NAME)";
				SWIFT_VERSION = 3.0;
				TEST_HOST = "$(BUILT_PRODUCTS_DIR)/deleteThisShit.app/deleteThisShit";
			};
			name = Debug;
		};
		DED107271F509B8700F72020 /* Release */ = {
			isa = XCBuildConfiguration;
			baseConfigurationReference = 06BFAD7ACDF4ED72FD669683 /* Pods-deleteThisShitTests.release.xcconfig */;
			buildSettings = {
				ALWAYS_EMBED_SWIFT_STANDARD_LIBRARIES = YES;
				BUNDLE_LOADER = "$(TEST_HOST)";
				DEVELOPMENT_TEAM = QH78WYZE35;
				INFOPLIST_FILE = deleteThisShitTests/Info.plist;
				LD_RUNPATH_SEARCH_PATHS = "$(inherited) @executable_path/Frameworks @loader_path/Frameworks";
				PRODUCT_BUNDLE_IDENTIFIER = webarch.deleteThisShitTests;
				PRODUCT_NAME = "$(TARGET_NAME)";
				SWIFT_VERSION = 3.0;
				TEST_HOST = "$(BUILT_PRODUCTS_DIR)/deleteThisShit.app/deleteThisShit";
			};
			name = Release;
		};
		DED107291F509B8700F72020 /* Debug */ = {
			isa = XCBuildConfiguration;
			baseConfigurationReference = FA37DCED81C2E334EB5C01B7 /* Pods-deleteThisShitUITests.debug.xcconfig */;
			buildSettings = {
				ALWAYS_EMBED_SWIFT_STANDARD_LIBRARIES = YES;
				DEVELOPMENT_TEAM = QH78WYZE35;
				INFOPLIST_FILE = deleteThisShitUITests/Info.plist;
				LD_RUNPATH_SEARCH_PATHS = "$(inherited) @executable_path/Frameworks @loader_path/Frameworks";
				PRODUCT_BUNDLE_IDENTIFIER = webarch.deleteThisShitUITests;
				PRODUCT_NAME = "$(TARGET_NAME)";
				SWIFT_VERSION = 3.0;
				TEST_TARGET_NAME = deleteThisShit;
			};
			name = Debug;
		};
		DED1072A1F509B8700F72020 /* Release */ = {
			isa = XCBuildConfiguration;
			baseConfigurationReference = 67A8775C2E57C87F25D50343 /* Pods-deleteThisShitUITests.release.xcconfig */;
			buildSettings = {
				ALWAYS_EMBED_SWIFT_STANDARD_LIBRARIES = YES;
				DEVELOPMENT_TEAM = QH78WYZE35;
				INFOPLIST_FILE = deleteThisShitUITests/Info.plist;
				LD_RUNPATH_SEARCH_PATHS = "$(inherited) @executable_path/Frameworks @loader_path/Frameworks";
				PRODUCT_BUNDLE_IDENTIFIER = webarch.deleteThisShitUITests;
				PRODUCT_NAME = "$(TARGET_NAME)";
				SWIFT_VERSION = 3.0;
				TEST_TARGET_NAME = deleteThisShit;
			};
			name = Release;
		};
/* End XCBuildConfiguration section */

/* Begin XCConfigurationList section */
		DED106F51F509B8700F72020 /* Build configuration list for PBXProject "deleteThisShit" */ = {
			isa = XCConfigurationList;
			buildConfigurations = (
				DED107201F509B8700F72020 /* Debug */,
				DED107211F509B8700F72020 /* Release */,
			);
			defaultConfigurationIsVisible = 0;
			defaultConfigurationName = Release;
		};
		DED107221F509B8700F72020 /* Build configuration list for PBXNativeTarget "deleteThisShit" */ = {
			isa = XCConfigurationList;
			buildConfigurations = (
				DED107231F509B8700F72020 /* Debug */,
				DED107241F509B8700F72020 /* Release */,
			);
			defaultConfigurationIsVisible = 0;
			defaultConfigurationName = Release;
		};
		DED107251F509B8700F72020 /* Build configuration list for PBXNativeTarget "deleteThisShitTests" */ = {
			isa = XCConfigurationList;
			buildConfigurations = (
				DED107261F509B8700F72020 /* Debug */,
				DED107271F509B8700F72020 /* Release */,
			);
			defaultConfigurationIsVisible = 0;
			defaultConfigurationName = Release;
		};
		DED107281F509B8700F72020 /* Build configuration list for PBXNativeTarget "deleteThisShitUITests" */ = {
			isa = XCConfigurationList;
			buildConfigurations = (
				DED107291F509B8700F72020 /* Debug */,
				DED1072A1F509B8700F72020 /* Release */,
			);
			defaultConfigurationIsVisible = 0;
			defaultConfigurationName = Release;
		};
/* End XCConfigurationList section */
	};
	rootObject = DED106F21F509B8700F72020 /* Project object */;
}
